dependencies:
  espressif/libsodium:
    component_hash: 36e9832f40c909c0a9135a3e775fcbdd7a2a13d47a1c052ee5b21499eb3eddb5
    source:
      service_url: https://api.components.espressif.com/
      type: service
    version: 1.0.20
  idf:
    component_hash: null
    source:
      type: idf
    version: 5.1.1
manifest_hash: 21c5347826a179bf9c93a91c1012b3240455cc051b9fd4ac05364a0a2dedac7f
target: esp32s3
version: 1.0.0
