dependencies:
  espressif/libsodium:
    component_hash: 36e9832f40c909c0a9135a3e775fcbdd7a2a13d47a1c052ee5b21499eb3eddb5
    source:
      service_url: https://api.components.espressif.com/
      type: service
    version: 1.0.20
  idf:
    component_hash: null
    source:
      type: idf
    version: 5.0.0
manifest_hash: 9d4dcd3c8f27cde5e52f2fba13d202ee2deaa3855572295835aeeb508b8b2c24
target: esp32
version: 1.0.0
